// !$*UTF8*$!
{
	archiveVersion = 1;
	classes = {
	};
	objectVersion = 46;
	objects = {

/* Begin PBXBuildFile section */
		2FD3829D1CB39A6C000E79D5 /* Grab.cpp in Sources */ = {isa = PBXBuildFile; fileRef = 2FD3829C1CB39A6C000E79D5 /* Grab.cpp */; };
		2FD3829F1CB39A8D000E79D5 /* pylon.framework in Frameworks */ = {isa = PBXBuildFile; fileRef = 2FD3829E1CB39A8D000E79D5 /* pylon.framework */; };
/* End PBXBuildFile section */

/* Begin PBXCopyFilesBuildPhase section */
		2FDFFB411CB27BBC00734AF5 /* CopyFiles */ = {
			isa = PBXCopyFilesBuildPhase;
			buildActionMask = 2147483647;
			dstPath = /usr/share/man/man1/;
			dstSubfolderSpec = 0;
			files = (
			);
			runOnlyForDeploymentPostprocessing = 1;
		};
/* End PBXCopyFilesBuildPhase section */

/* Begin PBXFileReference section */
		2FD3829C1CB39A6C000E79D5 /* Grab.cpp */ = {isa = PBXFileReference; fileEncoding = 4; lastKnownFileType = sourcecode.cpp.cpp; path = Grab.cpp; sourceTree = "<group>"; };
		2FD3829E1CB39A8D000E79D5 /* pylon.framework */ = {isa = PBXFileReference; lastKnownFileType = wrapper.framework; name = pylon.framework; path = /Library/Frameworks/pylon.framework; sourceTree = "<group>"; };
		2FDFFB431CB27BBC00734AF5 /* Grab */ = {isa = PBXFileReference; explicitFileType = "compiled.mach-o.executable"; includeInIndex = 0; path = Grab; sourceTree = BUILT_PRODUCTS_DIR; };
/* End PBXFileReference section */

/* Begin PBXFrameworksBuildPhase section */
		2FDFFB401CB27BBC00734AF5 /* Frameworks */ = {
			isa = PBXFrameworksBuildPhase;
			buildActionMask = 2147483647;
			files = (
				2FD3829F1CB39A8D000E79D5 /* pylon.framework in Frameworks */,
			);
			runOnlyForDeploymentPostprocessing = 0;
		};
/* End PBXFrameworksBuildPhase section */

/* Begin PBXGroup section */
		2FDFFB3A1CB27BBC00734AF5 = {
			isa = PBXGroup;
			children = (
				2FD3829E1CB39A8D000E79D5 /* pylon.framework */,
				2FD3829C1CB39A6C000E79D5 /* Grab.cpp */,
				2FDFFB441CB27BBC00734AF5 /* Products */,
			);
			sourceTree = "<group>";
		};
		2FDFFB441CB27BBC00734AF5 /* Products */ = {
			isa = PBXGroup;
			children = (
				2FDFFB431CB27BBC00734AF5 /* Grab */,
			);
			name = Products;
			sourceTree = "<group>";
		};
/* End PBXGroup section */

/* Begin PBXNativeTarget section */
		2FDFFB421CB27BBC00734AF5 /* Grab */ = {
			isa = PBXNativeTarget;
			buildConfigurationList = 2FDFFB4A1CB27BBC00734AF5 /* Build configuration list for PBXNativeTarget "Grab" */;
			buildPhases = (
				2FDFFB3F1CB27BBC00734AF5 /* Sources */,
				2FDFFB401CB27BBC00734AF5 /* Frameworks */,
				2FDFFB411CB27BBC00734AF5 /* CopyFiles */,
			);
			buildRules = (
			);
			dependencies = (
			);
			name = Grab;
			productName = Grab;
			productReference = 2FDFFB431CB27BBC00734AF5 /* Grab */;
			productType = "com.apple.product-type.tool";
		};
/* End PBXNativeTarget section */

/* Begin PBXProject section */
		2FDFFB3B1CB27BBC00734AF5 /* Project object */ = {
			isa = PBXProject;
			attributes = {
				LastUpgradeCheck = 0730;
				ORGANIZATIONNAME = "Basler AG";
				TargetAttributes = {
					2FDFFB421CB27BBC00734AF5 = {
						CreatedOnToolsVersion = 7.3;
					};
				};
			};
			buildConfigurationList = 2FDFFB3E1CB27BBC00734AF5 /* Build configuration list for PBXProject "Grab" */;
			compatibilityVersion = "Xcode 3.2";
			developmentRegion = English;
			hasScannedForEncodings = 0;
			knownRegions = (
				en,
			);
			mainGroup = 2FDFFB3A1CB27BBC00734AF5;
			productRefGroup = 2FDFFB441CB27BBC00734AF5 /* Products */;
			projectDirPath = "";
			projectRoot = "";
			targets = (
				2FDFFB421CB27BBC00734AF5 /* Grab */,
			);
		};
/* End PBXProject section */

/* Begin PBXSourcesBuildPhase section */
		2FDFFB3F1CB27BBC00734AF5 /* Sources */ = {
			isa = PBXSourcesBuildPhase;
			buildActionMask = 2147483647;
			files = (
				2FD3829D1CB39A6C000E79D5 /* Grab.cpp in Sources */,
			);
			runOnlyForDeploymentPostprocessing = 0;
		};
/* End PBXSourcesBuildPhase section */

/* Begin XCBuildConfiguration section */
		2FDFFB481CB27BBC00734AF5 /* Debug */ = {
			isa = XCBuildConfiguration;
			buildSettings = {
				ALWAYS_SEARCH_USER_PATHS = NO;
				CLANG_ANALYZER_NONNULL = YES;
				CLANG_CXX_LANGUAGE_STANDARD = "gnu++0x";
				CLANG_CXX_LIBRARY = "libc++";
				CLANG_ENABLE_MODULES = YES;
				CLANG_ENABLE_OBJC_ARC = YES;
				CLANG_WARN_BOOL_CONVERSION = YES;
				CLANG_WARN_CONSTANT_CONVERSION = YES;
				CLANG_WARN_DIRECT_OBJC_ISA_USAGE = YES_ERROR;
				CLANG_WARN_EMPTY_BODY = YES;
				CLANG_WARN_ENUM_CONVERSION = YES;
				CLANG_WARN_INT_CONVERSION = YES;
				CLANG_WARN_OBJC_ROOT_CLASS = YES_ERROR;
				CLANG_WARN_UNREACHABLE_CODE = YES;
				CLANG_WARN__DUPLICATE_METHOD_MATCH = YES;
				CODE_SIGN_IDENTITY = "-";
				COPY_PHASE_STRIP = NO;
				DEBUG_INFORMATION_FORMAT = dwarf;
				ENABLE_STRICT_OBJC_MSGSEND = YES;
				ENABLE_TESTABILITY = YES;
				GCC_C_LANGUAGE_STANDARD = gnu99;
				GCC_DYNAMIC_NO_PIC = NO;
				GCC_NO_COMMON_BLOCKS = YES;
				GCC_OPTIMIZATION_LEVEL = 0;
				GCC_PREPROCESSOR_DEFINITIONS = (
					"DEBUG=1",
					"$(inherited)",
				);
				GCC_WARN_64_TO_32_BIT_CONVERSION = YES;
				GCC_WARN_ABOUT_RETURN_TYPE = YES_ERROR;
				GCC_WARN_UNDECLARED_SELECTOR = YES;
				GCC_WARN_UNINITIALIZED_AUTOS = YES_AGGRESSIVE;
				GCC_WARN_UNUSED_FUNCTION = YES;
				GCC_WARN_UNUSED_VARIABLE = YES;
				HEADER_SEARCH_PATHS = (
					"$(SYSTEM_LIBRARY_DIR)/Frameworks/pylon.framework/Headers/**",
					"$USER_LIBRARY_DIR/Frameworks/pylon.framework/Headers/**",
				);
				MACOSX_DEPLOYMENT_TARGET = 10.10;
				MTL_ENABLE_DEBUG_INFO = YES;
				ONLY_ACTIVE_ARCH = YES;
				SDKROOT = macosx;
			};
			name = Debug;
		};
		2FDFFB491CB27BBC00734AF5 /* Release */ = {
			isa = XCBuildConfiguration;
			buildSettings = {
				ALWAYS_SEARCH_USER_PATHS = NO;
				CLANG_ANALYZER_NONNULL = YES;
				CLANG_CXX_LANGUAGE_STANDARD = "gnu++0x";
				CLANG_CXX_LIBRARY = "libc++";
				CLANG_ENABLE_MODULES = YES;
				CLANG_ENABLE_OBJC_ARC = YES;
				CLANG_WARN_BOOL_CONVERSION = YES;
				CLANG_WARN_CONSTANT_CONVERSION = YES;
				CLANG_WARN_DIRECT_OBJC_ISA_USAGE = YES_ERROR;
				CLANG_WARN_EMPTY_BODY = YES;
				CLANG_WARN_ENUM_CONVERSION = YES;
				CLANG_WARN_INT_CONVERSION = YES;
				CLANG_WARN_OBJC_ROOT_CLASS = YES_ERROR;
				CLANG_WARN_UNREACHABLE_CODE = YES;
				CLANG_WARN__DUPLICATE_METHOD_MATCH = YES;
				CODE_SIGN_IDENTITY = "-";
				COPY_PHASE_STRIP = NO;
				DEBUG_INFORMATION_FORMAT = "dwarf-with-dsym";
				ENABLE_NS_ASSERTIONS = NO;
				ENABLE_STRICT_OBJC_MSGSEND = YES;
				GCC_C_LANGUAGE_STANDARD = gnu99;
				GCC_NO_COMMON_BLOCKS = YES;
				GCC_WARN_64_TO_32_BIT_CONVERSION = YES;
				GCC_WARN_ABOUT_RETURN_TYPE = YES_ERROR;
				GCC_WARN_UNDECLARED_SELECTOR = YES;
				GCC_WARN_UNINITIALIZED_AUTOS = YES_AGGRESSIVE;
				GCC_WARN_UNUSED_FUNCTION = YES;
				GCC_WARN_UNUSED_VARIABLE = YES;
				HEADER_SEARCH_PATHS = (
					"$(SYSTEM_LIBRARY_DIR)/Frameworks/pylon.framework/Headers/**",
					"$USER_LIBRARY_DIR/Frameworks/pylon.framework/Headers/**",
				);
				MACOSX_DEPLOYMENT_TARGET = 10.10;
				MTL_ENABLE_DEBUG_INFO = NO;
				SDKROOT = macosx;
			};
			name = Release;
		};
		2FDFFB4B1CB27BBC00734AF5 /* Debug */ = {
			isa = XCBuildConfiguration;
			buildSettings = {
				ADDITIONAL_SDKS = "";
				ALWAYS_SEARCH_USER_PATHS = NO;
				FRAMEWORK_SEARCH_PATHS = "$(PYLON_LIBRARY_DIR)/Frameworks";
				HEADER_SEARCH_PATHS = "$(PYLON_LIBRARY_DIR)/Frameworks/pylon.framework/Headers/GenICam";
				LD_RUNPATH_SEARCH_PATHS = "$(PYLON_LIBRARY_DIR)/Frameworks";
				MACH_O_TYPE = mh_execute;
				PRODUCT_NAME = "$(TARGET_NAME)";
				PYLON_LIBRARY_DIR = "$(LOCAL_LIBRARY_DIR)";
			};
			name = Debug;
		};
		2FDFFB4C1CB27BBC00734AF5 /* Release */ = {
			isa = XCBuildConfiguration;
			buildSettings = {
				ADDITIONAL_SDKS = "";
				ALWAYS_SEARCH_USER_PATHS = NO;
				FRAMEWORK_SEARCH_PATHS = "$(PYLON_LIBRARY_DIR)/Frameworks";
				HEADER_SEARCH_PATHS = "$(PYLON_LIBRARY_DIR)/Frameworks/pylon.framework/Headers/GenICam";
				LD_RUNPATH_SEARCH_PATHS = "$(PYLON_LIBRARY_DIR)/Frameworks";
				MACH_O_TYPE = mh_execute;
				PRODUCT_NAME = "$(TARGET_NAME)";
				PYLON_LIBRARY_DIR = "$(LOCAL_LIBRARY_DIR)";
			};
			name = Release;
		};
/* End XCBuildConfiguration section */

/* Begin XCConfigurationList section */
		2FDFFB3E1CB27BBC00734AF5 /* Build configuration list for PBXProject "Grab" */ = {
			isa = XCConfigurationList;
			buildConfigurations = (
				2FDFFB481CB27BBC00734AF5 /* Debug */,
				2FDFFB491CB27BBC00734AF5 /* Release */,
			);
			defaultConfigurationIsVisible = 0;
			defaultConfigurationName = Release;
		};
		2FDFFB4A1CB27BBC00734AF5 /* Build configuration list for PBXNativeTarget "Grab" */ = {
			isa = XCConfigurationList;
			buildConfigurations = (
				2FDFFB4B1CB27BBC00734AF5 /* Debug */,
				2FDFFB4C1CB27BBC00734AF5 /* Release */,
			);
			defaultConfigurationIsVisible = 0;
			defaultConfigurationName = Release;
		};
/* End XCConfigurationList section */
	};
	rootObject = 2FDFFB3B1CB27BBC00734AF5 /* Project object */;
}
